{
  "originHash" : "250bffe33f6b9cbb84cb066e45b742c96ebbc4d87e70651319b8091fcbbb9487",
  "pins" : [
    {
      "identity" : "bottomsheet",
      "kind" : "remoteSourceControl",
      "location" : "https://github.com/joomcode/BottomSheet",
      "state" : {
        "revision" : "15ab2cf96b757b72b09a6515f667685ff55924e1",
        "version" : "2.0.5"
      }
    }
  ],
  "version" : 3
}
