// !$*UTF8*$!
{
	archiveVersion = 1;
	classes = {
	};
	objectVersion = 56;
	objects = {

/* Begin PBXBuildFile section */
		6659D9932BC871D30004FC61 /* RungerApp.swift in Sources */ = {isa = PBXBuildFile; fileRef = 6659D9922BC871D30004FC61 /* RungerApp.swift */; };
		6659D9952BC871D30004FC61 /* ContentView.swift in Sources */ = {isa = PBXBuildFile; fileRef = 6659D9942BC871D30004FC61 /* ContentView.swift */; };
		6659D9972BC871D40004FC61 /* Assets.xcassets in Resources */ = {isa = PBXBuildFile; fileRef = 6659D9962BC871D40004FC61 /* Assets.xcassets */; };
		6659D99A2BC871D40004FC61 /* Preview Assets.xcassets in Resources */ = {isa = PBXBuildFile; fileRef = 6659D9992BC871D40004FC61 /* Preview Assets.xcassets */; };
		6659D9A42BC871D40004FC61 /* RungerTests.swift in Sources */ = {isa = PBXBuildFile; fileRef = 6659D9A32BC871D40004FC61 /* RungerTests.swift */; };
		6659D9AE2BC871D40004FC61 /* RungerUITests.swift in Sources */ = {isa = PBXBuildFile; fileRef = 6659D9AD2BC871D40004FC61 /* RungerUITests.swift */; };
		6659D9B02BC871D40004FC61 /* RungerUITestsLaunchTests.swift in Sources */ = {isa = PBXBuildFile; fileRef = 6659D9AF2BC871D40004FC61 /* RungerUITestsLaunchTests.swift */; };
		66DF60BC2BD0C19C003628B0 /* DataModel.xcdatamodeld in Sources */ = {isa = PBXBuildFile; fileRef = 66DF60BA2BD0C19C003628B0 /* DataModel.xcdatamodeld */; };
		66DF60BE2BD0C405003628B0 /* StartRunView.swift in Sources */ = {isa = PBXBuildFile; fileRef = 66DF60BD2BD0C405003628B0 /* StartRunView.swift */; };
		66DF60C02BD0C416003628B0 /* RunView.swift in Sources */ = {isa = PBXBuildFile; fileRef = 66DF60BF2BD0C416003628B0 /* RunView.swift */; };
		66DF60C32BD0C454003628B0 /* RunViewModel.swift in Sources */ = {isa = PBXBuildFile; fileRef = 66DF60C22BD0C454003628B0 /* RunViewModel.swift */; };
		66DF60C52BD0C546003628B0 /* PersistenceController.swift in Sources */ = {isa = PBXBuildFile; fileRef = 66DF60C42BD0C546003628B0 /* PersistenceController.swift */; };
		D4C2A3402BD6EFED00064847 /* AccountView.swift in Sources */ = {isa = PBXBuildFile; fileRef = D4C2A33F2BD6EFED00064847 /* AccountView.swift */; };
		D4C2A3422BD6F00800064847 /* HomeView.swift in Sources */ = {isa = PBXBuildFile; fileRef = D4C2A3412BD6F00800064847 /* HomeView.swift */; };
/* End PBXBuildFile section */

/* Begin PBXContainerItemProxy section */
		6659D9A02BC871D40004FC61 /* PBXContainerItemProxy */ = {
			isa = PBXContainerItemProxy;
			containerPortal = 6659D9872BC871D20004FC61 /* Project object */;
			proxyType = 1;
			remoteGlobalIDString = 6659D98E2BC871D20004FC61;
			remoteInfo = Runger;
		};
		6659D9AA2BC871D40004FC61 /* PBXContainerItemProxy */ = {
			isa = PBXContainerItemProxy;
			containerPortal = 6659D9872BC871D20004FC61 /* Project object */;
			proxyType = 1;
			remoteGlobalIDString = 6659D98E2BC871D20004FC61;
			remoteInfo = Runger;
		};
/* End PBXContainerItemProxy section */

/* Begin PBXFileReference section */
		6659D98F2BC871D30004FC61 /* Runger.app */ = {isa = PBXFileReference; explicitFileType = wrapper.application; includeInIndex = 0; path = Runger.app; sourceTree = BUILT_PRODUCTS_DIR; };
		6659D9922BC871D30004FC61 /* RungerApp.swift */ = {isa = PBXFileReference; lastKnownFileType = sourcecode.swift; path = RungerApp.swift; sourceTree = "<group>"; };
		6659D9942BC871D30004FC61 /* ContentView.swift */ = {isa = PBXFileReference; lastKnownFileType = sourcecode.swift; path = ContentView.swift; sourceTree = "<group>"; };
		6659D9962BC871D40004FC61 /* Assets.xcassets */ = {isa = PBXFileReference; lastKnownFileType = folder.assetcatalog; path = Assets.xcassets; sourceTree = "<group>"; };
		6659D9992BC871D40004FC61 /* Preview Assets.xcassets */ = {isa = PBXFileReference; lastKnownFileType = folder.assetcatalog; path = "Preview Assets.xcassets"; sourceTree = "<group>"; };
		6659D99F2BC871D40004FC61 /* RungerTests.xctest */ = {isa = PBXFileReference; explicitFileType = wrapper.cfbundle; includeInIndex = 0; path = RungerTests.xctest; sourceTree = BUILT_PRODUCTS_DIR; };
		6659D9A32BC871D40004FC61 /* RungerTests.swift */ = {isa = PBXFileReference; lastKnownFileType = sourcecode.swift; path = RungerTests.swift; sourceTree = "<group>"; };
		6659D9A92BC871D40004FC61 /* RungerUITests.xctest */ = {isa = PBXFileReference; explicitFileType = wrapper.cfbundle; includeInIndex = 0; path = RungerUITests.xctest; sourceTree = BUILT_PRODUCTS_DIR; };
		6659D9AD2BC871D40004FC61 /* RungerUITests.swift */ = {isa = PBXFileReference; lastKnownFileType = sourcecode.swift; path = RungerUITests.swift; sourceTree = "<group>"; };
		6659D9AF2BC871D40004FC61 /* RungerUITestsLaunchTests.swift */ = {isa = PBXFileReference; lastKnownFileType = sourcecode.swift; path = RungerUITestsLaunchTests.swift; sourceTree = "<group>"; };
		66DF60BB2BD0C19C003628B0 /* DataModel.xcdatamodel */ = {isa = PBXFileReference; lastKnownFileType = wrapper.xcdatamodel; path = DataModel.xcdatamodel; sourceTree = "<group>"; };
		66DF60BD2BD0C405003628B0 /* StartRunView.swift */ = {isa = PBXFileReference; lastKnownFileType = sourcecode.swift; path = StartRunView.swift; sourceTree = "<group>"; };
		66DF60BF2BD0C416003628B0 /* RunView.swift */ = {isa = PBXFileReference; lastKnownFileType = sourcecode.swift; path = RunView.swift; sourceTree = "<group>"; };
		66DF60C22BD0C454003628B0 /* RunViewModel.swift */ = {isa = PBXFileReference; lastKnownFileType = sourcecode.swift; path = RunViewModel.swift; sourceTree = "<group>"; };
		66DF60C42BD0C546003628B0 /* PersistenceController.swift */ = {isa = PBXFileReference; lastKnownFileType = sourcecode.swift; path = PersistenceController.swift; sourceTree = "<group>"; };
		D4C2A33F2BD6EFED00064847 /* AccountView.swift */ = {isa = PBXFileReference; lastKnownFileType = sourcecode.swift; path = AccountView.swift; sourceTree = "<group>"; };
		D4C2A3412BD6F00800064847 /* HomeView.swift */ = {isa = PBXFileReference; lastKnownFileType = sourcecode.swift; path = HomeView.swift; sourceTree = "<group>"; };
/* End PBXFileReference section */

/* Begin PBXFrameworksBuildPhase section */
		6659D98C2BC871D20004FC61 /* Frameworks */ = {
			isa = PBXFrameworksBuildPhase;
			buildActionMask = 2147483647;
			files = (
			);
			runOnlyForDeploymentPostprocessing = 0;
		};
		6659D99C2BC871D40004FC61 /* Frameworks */ = {
			isa = PBXFrameworksBuildPhase;
			buildActionMask = 2147483647;
			files = (
			);
			runOnlyForDeploymentPostprocessing = 0;
		};
		6659D9A62BC871D40004FC61 /* Frameworks */ = {
			isa = PBXFrameworksBuildPhase;
			buildActionMask = 2147483647;
			files = (
			);
			runOnlyForDeploymentPostprocessing = 0;
		};
/* End PBXFrameworksBuildPhase section */

/* Begin PBXGroup section */
		6659D9862BC871D20004FC61 = {
			isa = PBXGroup;
			children = (
				6659D9912BC871D30004FC61 /* Runger */,
				6659D9A22BC871D40004FC61 /* RungerTests */,
				6659D9AC2BC871D40004FC61 /* RungerUITests */,
				6659D9902BC871D30004FC61 /* Products */,
			);
			sourceTree = "<group>";
		};
		6659D9902BC871D30004FC61 /* Products */ = {
			isa = PBXGroup;
			children = (
				6659D98F2BC871D30004FC61 /* Runger.app */,
				6659D99F2BC871D40004FC61 /* RungerTests.xctest */,
				6659D9A92BC871D40004FC61 /* RungerUITests.xctest */,
			);
			name = Products;
			sourceTree = "<group>";
		};
		6659D9912BC871D30004FC61 /* Runger */ = {
			isa = PBXGroup;
			children = (
				66DF60BA2BD0C19C003628B0 /* DataModel.xcdatamodeld */,
				6659D9BD2BC873F50004FC61 /* Views */,
				6659D9BE2BC873FB0004FC61 /* View Models */,
				6659D9BC2BC873D00004FC61 /* Models */,
				6659D9922BC871D30004FC61 /* RungerApp.swift */,
				6659D9942BC871D30004FC61 /* ContentView.swift */,
				6659D9962BC871D40004FC61 /* Assets.xcassets */,
				6659D9982BC871D40004FC61 /* Preview Content */,
			);
			path = Runger;
			sourceTree = "<group>";
		};
		6659D9982BC871D40004FC61 /* Preview Content */ = {
			isa = PBXGroup;
			children = (
				6659D9992BC871D40004FC61 /* Preview Assets.xcassets */,
			);
			path = "Preview Content";
			sourceTree = "<group>";
		};
		6659D9A22BC871D40004FC61 /* RungerTests */ = {
			isa = PBXGroup;
			children = (
				6659D9A32BC871D40004FC61 /* RungerTests.swift */,
			);
			path = RungerTests;
			sourceTree = "<group>";
		};
		6659D9AC2BC871D40004FC61 /* RungerUITests */ = {
			isa = PBXGroup;
			children = (
				6659D9AD2BC871D40004FC61 /* RungerUITests.swift */,
				6659D9AF2BC871D40004FC61 /* RungerUITestsLaunchTests.swift */,
			);
			path = RungerUITests;
			sourceTree = "<group>";
		};
		6659D9BC2BC873D00004FC61 /* Models */ = {
			isa = PBXGroup;
			children = (
			);
			path = Models;
			sourceTree = "<group>";
		};
		6659D9BD2BC873F50004FC61 /* Views */ = {
			isa = PBXGroup;
			children = (
				66DF60BD2BD0C405003628B0 /* StartRunView.swift */,
				66DF60BF2BD0C416003628B0 /* RunView.swift */,
			);
			path = Views;
			sourceTree = "<group>";
		};
		6659D9BE2BC873FB0004FC61 /* View Models */ = {
			isa = PBXGroup;
			children = (
				66DF60C22BD0C454003628B0 /* RunViewModel.swift */,
				66DF60C42BD0C546003628B0 /* PersistenceController.swift */,
				D4C2A33F2BD6EFED00064847 /* AccountView.swift */,
				D4C2A3412BD6F00800064847 /* HomeView.swift */,
			);
			path = "View Models";
			sourceTree = "<group>";
		};
/* End PBXGroup section */

/* Begin PBXNativeTarget section */
		6659D98E2BC871D20004FC61 /* Runger */ = {
			isa = PBXNativeTarget;
			buildConfigurationList = 6659D9B32BC871D40004FC61 /* Build configuration list for PBXNativeTarget "Runger" */;
			buildPhases = (
				6659D98B2BC871D20004FC61 /* Sources */,
				6659D98C2BC871D20004FC61 /* Frameworks */,
				6659D98D2BC871D20004FC61 /* Resources */,
			);
			buildRules = (
			);
			dependencies = (
			);
			name = Runger;
			productName = Runger;
			productReference = 6659D98F2BC871D30004FC61 /* Runger.app */;
			productType = "com.apple.product-type.application";
		};
		6659D99E2BC871D40004FC61 /* RungerTests */ = {
			isa = PBXNativeTarget;
			buildConfigurationList = 6659D9B62BC871D40004FC61 /* Build configuration list for PBXNativeTarget "RungerTests" */;
			buildPhases = (
				6659D99B2BC871D40004FC61 /* Sources */,
				6659D99C2BC871D40004FC61 /* Frameworks */,
				6659D99D2BC871D40004FC61 /* Resources */,
			);
			buildRules = (
			);
			dependencies = (
				6659D9A12BC871D40004FC61 /* PBXTargetDependency */,
			);
			name = RungerTests;
			productName = RungerTests;
			productReference = 6659D99F2BC871D40004FC61 /* RungerTests.xctest */;
			productType = "com.apple.product-type.bundle.unit-test";
		};
		6659D9A82BC871D40004FC61 /* RungerUITests */ = {
			isa = PBXNativeTarget;
			buildConfigurationList = 6659D9B92BC871D40004FC61 /* Build configuration list for PBXNativeTarget "RungerUITests" */;
			buildPhases = (
				6659D9A52BC871D40004FC61 /* Sources */,
				6659D9A62BC871D40004FC61 /* Frameworks */,
				6659D9A72BC871D40004FC61 /* Resources */,
			);
			buildRules = (
			);
			dependencies = (
				6659D9AB2BC871D40004FC61 /* PBXTargetDependency */,
			);
			name = RungerUITests;
			productName = RungerUITests;
			productReference = 6659D9A92BC871D40004FC61 /* RungerUITests.xctest */;
			productType = "com.apple.product-type.bundle.ui-testing";
		};
/* End PBXNativeTarget section */

/* Begin PBXProject section */
		6659D9872BC871D20004FC61 /* Project object */ = {
			isa = PBXProject;
			attributes = {
				BuildIndependentTargetsInParallel = 1;
				LastSwiftUpdateCheck = 1530;
				LastUpgradeCheck = 1530;
				TargetAttributes = {
					6659D98E2BC871D20004FC61 = {
						CreatedOnToolsVersion = 15.3;
					};
					6659D99E2BC871D40004FC61 = {
						CreatedOnToolsVersion = 15.3;
						TestTargetID = 6659D98E2BC871D20004FC61;
					};
					6659D9A82BC871D40004FC61 = {
						CreatedOnToolsVersion = 15.3;
						TestTargetID = 6659D98E2BC871D20004FC61;
					};
				};
			};
			buildConfigurationList = 6659D98A2BC871D20004FC61 /* Build configuration list for PBXProject "Runger" */;
			compatibilityVersion = "Xcode 14.0";
			developmentRegion = en;
			hasScannedForEncodings = 0;
			knownRegions = (
				en,
				Base,
			);
			mainGroup = 6659D9862BC871D20004FC61;
			productRefGroup = 6659D9902BC871D30004FC61 /* Products */;
			projectDirPath = "";
			projectRoot = "";
			targets = (
				6659D98E2BC871D20004FC61 /* Runger */,
				6659D99E2BC871D40004FC61 /* RungerTests */,
				6659D9A82BC871D40004FC61 /* RungerUITests */,
			);
		};
/* End PBXProject section */

/* Begin PBXResourcesBuildPhase section */
		6659D98D2BC871D20004FC61 /* Resources */ = {
			isa = PBXResourcesBuildPhase;
			buildActionMask = 2147483647;
			files = (
				6659D99A2BC871D40004FC61 /* Preview Assets.xcassets in Resources */,
				6659D9972BC871D40004FC61 /* Assets.xcassets in Resources */,
			);
			runOnlyForDeploymentPostprocessing = 0;
		};
		6659D99D2BC871D40004FC61 /* Resources */ = {
			isa = PBXResourcesBuildPhase;
			buildActionMask = 2147483647;
			files = (
			);
			runOnlyForDeploymentPostprocessing = 0;
		};
		6659D9A72BC871D40004FC61 /* Resources */ = {
			isa = PBXResourcesBuildPhase;
			buildActionMask = 2147483647;
			files = (
			);
			runOnlyForDeploymentPostprocessing = 0;
		};
/* End PBXResourcesBuildPhase section */

/* Begin PBXSourcesBuildPhase section */
		6659D98B2BC871D20004FC61 /* Sources */ = {
			isa = PBXSourcesBuildPhase;
			buildActionMask = 2147483647;
			files = (
				D4C2A3422BD6F00800064847 /* HomeView.swift in Sources */,
				6659D9952BC871D30004FC61 /* ContentView.swift in Sources */,
				66DF60C52BD0C546003628B0 /* PersistenceController.swift in Sources */,
				66DF60C02BD0C416003628B0 /* RunView.swift in Sources */,
				66DF60C32BD0C454003628B0 /* RunViewModel.swift in Sources */,
				D4C2A3402BD6EFED00064847 /* AccountView.swift in Sources */,
				66DF60BC2BD0C19C003628B0 /* DataModel.xcdatamodeld in Sources */,
				6659D9932BC871D30004FC61 /* RungerApp.swift in Sources */,
				66DF60BE2BD0C405003628B0 /* StartRunView.swift in Sources */,
			);
			runOnlyForDeploymentPostprocessing = 0;
		};
		6659D99B2BC871D40004FC61 /* Sources */ = {
			isa = PBXSourcesBuildPhase;
			buildActionMask = 2147483647;
			files = (
				6659D9A42BC871D40004FC61 /* RungerTests.swift in Sources */,
			);
			runOnlyForDeploymentPostprocessing = 0;
		};
		6659D9A52BC871D40004FC61 /* Sources */ = {
			isa = PBXSourcesBuildPhase;
			buildActionMask = 2147483647;
			files = (
				6659D9AE2BC871D40004FC61 /* RungerUITests.swift in Sources */,
				6659D9B02BC871D40004FC61 /* RungerUITestsLaunchTests.swift in Sources */,
			);
			runOnlyForDeploymentPostprocessing = 0;
		};
/* End PBXSourcesBuildPhase section */

/* Begin PBXTargetDependency section */
		6659D9A12BC871D40004FC61 /* PBXTargetDependency */ = {
			isa = PBXTargetDependency;
			target = 6659D98E2BC871D20004FC61 /* Runger */;
			targetProxy = 6659D9A02BC871D40004FC61 /* PBXContainerItemProxy */;
		};
		6659D9AB2BC871D40004FC61 /* PBXTargetDependency */ = {
			isa = PBXTargetDependency;
			target = 6659D98E2BC871D20004FC61 /* Runger */;
			targetProxy = 6659D9AA2BC871D40004FC61 /* PBXContainerItemProxy */;
		};
/* End PBXTargetDependency section */

/* Begin XCBuildConfiguration section */
		6659D9B12BC871D40004FC61 /* Debug */ = {
			isa = XCBuildConfiguration;
			buildSettings = {
				ALWAYS_SEARCH_USER_PATHS = NO;
				ASSETCATALOG_COMPILER_GENERATE_SWIFT_ASSET_SYMBOL_EXTENSIONS = YES;
				CLANG_ANALYZER_NONNULL = YES;
				CLANG_ANALYZER_NUMBER_OBJECT_CONVERSION = YES_AGGRESSIVE;
				CLANG_CXX_LANGUAGE_STANDARD = "gnu++20";
				CLANG_ENABLE_MODULES = YES;
				CLANG_ENABLE_OBJC_ARC = YES;
				CLANG_ENABLE_OBJC_WEAK = YES;
				CLANG_WARN_BLOCK_CAPTURE_AUTORELEASING = YES;
				CLANG_WARN_BOOL_CONVERSION = YES;
				CLANG_WARN_COMMA = YES;
				CLANG_WARN_CONSTANT_CONVERSION = YES;
				CLANG_WARN_DEPRECATED_OBJC_IMPLEMENTATIONS = YES;
				CLANG_WARN_DIRECT_OBJC_ISA_USAGE = YES_ERROR;
				CLANG_WARN_DOCUMENTATION_COMMENTS = YES;
				CLANG_WARN_EMPTY_BODY = YES;
				CLANG_WARN_ENUM_CONVERSION = YES;
				CLANG_WARN_INFINITE_RECURSION = YES;
				CLANG_WARN_INT_CONVERSION = YES;
				CLANG_WARN_NON_LITERAL_NULL_CONVERSION = YES;
				CLANG_WARN_OBJC_IMPLICIT_RETAIN_SELF = YES;
				CLANG_WARN_OBJC_LITERAL_CONVERSION = YES;
				CLANG_WARN_OBJC_ROOT_CLASS = YES_ERROR;
				CLANG_WARN_QUOTED_INCLUDE_IN_FRAMEWORK_HEADER = YES;
				CLANG_WARN_RANGE_LOOP_ANALYSIS = YES;
				CLANG_WARN_STRICT_PROTOTYPES = YES;
				CLANG_WARN_SUSPICIOUS_MOVE = YES;
				CLANG_WARN_UNGUARDED_AVAILABILITY = YES_AGGRESSIVE;
				CLANG_WARN_UNREACHABLE_CODE = YES;
				CLANG_WARN__DUPLICATE_METHOD_MATCH = YES;
				COPY_PHASE_STRIP = NO;
				DEBUG_INFORMATION_FORMAT = dwarf;
				ENABLE_STRICT_OBJC_MSGSEND = YES;
				ENABLE_TESTABILITY = YES;
				ENABLE_USER_SCRIPT_SANDBOXING = YES;
				GCC_C_LANGUAGE_STANDARD = gnu17;
				GCC_DYNAMIC_NO_PIC = NO;
				GCC_NO_COMMON_BLOCKS = YES;
				GCC_OPTIMIZATION_LEVEL = 0;
				GCC_PREPROCESSOR_DEFINITIONS = (
					"DEBUG=1",
					"$(inherited)",
				);
				GCC_WARN_64_TO_32_BIT_CONVERSION = YES;
				GCC_WARN_ABOUT_RETURN_TYPE = YES_ERROR;
				GCC_WARN_UNDECLARED_SELECTOR = YES;
				GCC_WARN_UNINITIALIZED_AUTOS = YES_AGGRESSIVE;
				GCC_WARN_UNUSED_FUNCTION = YES;
				GCC_WARN_UNUSED_VARIABLE = YES;
				IPHONEOS_DEPLOYMENT_TARGET = 17.4;
				LOCALIZATION_PREFERS_STRING_CATALOGS = YES;
				MTL_ENABLE_DEBUG_INFO = INCLUDE_SOURCE;
				MTL_FAST_MATH = YES;
				ONLY_ACTIVE_ARCH = YES;
				SDKROOT = iphoneos;
				SWIFT_ACTIVE_COMPILATION_CONDITIONS = "DEBUG $(inherited)";
				SWIFT_OPTIMIZATION_LEVEL = "-Onone";
			};
			name = Debug;
		};
		6659D9B22BC871D40004FC61 /* Release */ = {
			isa = XCBuildConfiguration;
			buildSettings = {
				ALWAYS_SEARCH_USER_PATHS = NO;
				ASSETCATALOG_COMPILER_GENERATE_SWIFT_ASSET_SYMBOL_EXTENSIONS = YES;
				CLANG_ANALYZER_NONNULL = YES;
				CLANG_ANALYZER_NUMBER_OBJECT_CONVERSION = YES_AGGRESSIVE;
				CLANG_CXX_LANGUAGE_STANDARD = "gnu++20";
				CLANG_ENABLE_MODULES = YES;
				CLANG_ENABLE_OBJC_ARC = YES;
				CLANG_ENABLE_OBJC_WEAK = YES;
				CLANG_WARN_BLOCK_CAPTURE_AUTORELEASING = YES;
				CLANG_WARN_BOOL_CONVERSION = YES;
				CLANG_WARN_COMMA = YES;
				CLANG_WARN_CONSTANT_CONVERSION = YES;
				CLANG_WARN_DEPRECATED_OBJC_IMPLEMENTATIONS = YES;
				CLANG_WARN_DIRECT_OBJC_ISA_USAGE = YES_ERROR;
				CLANG_WARN_DOCUMENTATION_COMMENTS = YES;
				CLANG_WARN_EMPTY_BODY = YES;
				CLANG_WARN_ENUM_CONVERSION = YES;
				CLANG_WARN_INFINITE_RECURSION = YES;
				CLANG_WARN_INT_CONVERSION = YES;
				CLANG_WARN_NON_LITERAL_NULL_CONVERSION = YES;
				CLANG_WARN_OBJC_IMPLICIT_RETAIN_SELF = YES;
				CLANG_WARN_OBJC_LITERAL_CONVERSION = YES;
				CLANG_WARN_OBJC_ROOT_CLASS = YES_ERROR;
				CLANG_WARN_QUOTED_INCLUDE_IN_FRAMEWORK_HEADER = YES;
				CLANG_WARN_RANGE_LOOP_ANALYSIS = YES;
				CLANG_WARN_STRICT_PROTOTYPES = YES;
				CLANG_WARN_SUSPICIOUS_MOVE = YES;
				CLANG_WARN_UNGUARDED_AVAILABILITY = YES_AGGRESSIVE;
				CLANG_WARN_UNREACHABLE_CODE = YES;
				CLANG_WARN__DUPLICATE_METHOD_MATCH = YES;
				COPY_PHASE_STRIP = NO;
				DEBUG_INFORMATION_FORMAT = "dwarf-with-dsym";
				ENABLE_NS_ASSERTIONS = NO;
				ENABLE_STRICT_OBJC_MSGSEND = YES;
				ENABLE_USER_SCRIPT_SANDBOXING = YES;
				GCC_C_LANGUAGE_STANDARD = gnu17;
				GCC_NO_COMMON_BLOCKS = YES;
				GCC_WARN_64_TO_32_BIT_CONVERSION = YES;
				GCC_WARN_ABOUT_RETURN_TYPE = YES_ERROR;
				GCC_WARN_UNDECLARED_SELECTOR = YES;
				GCC_WARN_UNINITIALIZED_AUTOS = YES_AGGRESSIVE;
				GCC_WARN_UNUSED_FUNCTION = YES;
				GCC_WARN_UNUSED_VARIABLE = YES;
				IPHONEOS_DEPLOYMENT_TARGET = 17.4;
				LOCALIZATION_PREFERS_STRING_CATALOGS = YES;
				MTL_ENABLE_DEBUG_INFO = NO;
				MTL_FAST_MATH = YES;
				SDKROOT = iphoneos;
				SWIFT_COMPILATION_MODE = wholemodule;
				VALIDATE_PRODUCT = YES;
			};
			name = Release;
		};
		6659D9B42BC871D40004FC61 /* Debug */ = {
			isa = XCBuildConfiguration;
			buildSettings = {
				ASSETCATALOG_COMPILER_APPICON_NAME = AppIcon;
				ASSETCATALOG_COMPILER_GLOBAL_ACCENT_COLOR_NAME = AccentColor;
				CODE_SIGN_STYLE = Automatic;
				CURRENT_PROJECT_VERSION = 1;
				DEVELOPMENT_ASSET_PATHS = "\"Runger/Preview Content\"";
				DEVELOPMENT_TEAM = 29VU26RVDN;
				ENABLE_PREVIEWS = YES;
				GENERATE_INFOPLIST_FILE = YES;
				INFOPLIST_KEY_UIApplicationSceneManifest_Generation = YES;
				INFOPLIST_KEY_UIApplicationSupportsIndirectInputEvents = YES;
				INFOPLIST_KEY_UILaunchScreen_Generation = YES;
				INFOPLIST_KEY_UISupportedInterfaceOrientations_iPad = "UIInterfaceOrientationPortrait UIInterfaceOrientationPortraitUpsideDown UIInterfaceOrientationLandscapeLeft UIInterfaceOrientationLandscapeRight";
				INFOPLIST_KEY_UISupportedInterfaceOrientations_iPhone = "UIInterfaceOrientationPortrait UIInterfaceOrientationLandscapeLeft UIInterfaceOrientationLandscapeRight";
				LD_RUNPATH_SEARCH_PATHS = (
					"$(inherited)",
					"@executable_path/Frameworks",
				);
				MARKETING_VERSION = 1.0;
				PRODUCT_BUNDLE_IDENTIFIER = cis1951.Runger;
				PRODUCT_NAME = "$(TARGET_NAME)";
				SWIFT_EMIT_LOC_STRINGS = YES;
				SWIFT_VERSION = 5.0;
				TARGETED_DEVICE_FAMILY = "1,2";
			};
			name = Debug;
		};
		6659D9B52BC871D40004FC61 /* Release */ = {
			isa = XCBuildConfiguration;
			buildSettings = {
				ASSETCATALOG_COMPILER_APPICON_NAME = AppIcon;
				ASSETCATALOG_COMPILER_GLOBAL_ACCENT_COLOR_NAME = AccentColor;
				CODE_SIGN_STYLE = Automatic;
				CURRENT_PROJECT_VERSION = 1;
				DEVELOPMENT_ASSET_PATHS = "\"Runger/Preview Content\"";
				DEVELOPMENT_TEAM = 29VU26RVDN;
				ENABLE_PREVIEWS = YES;
				GENERATE_INFOPLIST_FILE = YES;
				INFOPLIST_KEY_UIApplicationSceneManifest_Generation = YES;
				INFOPLIST_KEY_UIApplicationSupportsIndirectInputEvents = YES;
				INFOPLIST_KEY_UILaunchScreen_Generation = YES;
				INFOPLIST_KEY_UISupportedInterfaceOrientations_iPad = "UIInterfaceOrientationPortrait UIInterfaceOrientationPortraitUpsideDown UIInterfaceOrientationLandscapeLeft UIInterfaceOrientationLandscapeRight";
				INFOPLIST_KEY_UISupportedInterfaceOrientations_iPhone = "UIInterfaceOrientationPortrait UIInterfaceOrientationLandscapeLeft UIInterfaceOrientationLandscapeRight";
				LD_RUNPATH_SEARCH_PATHS = (
					"$(inherited)",
					"@executable_path/Frameworks",
				);
				MARKETING_VERSION = 1.0;
				PRODUCT_BUNDLE_IDENTIFIER = cis1951.Runger;
				PRODUCT_NAME = "$(TARGET_NAME)";
				SWIFT_EMIT_LOC_STRINGS = YES;
				SWIFT_VERSION = 5.0;
				TARGETED_DEVICE_FAMILY = "1,2";
			};
			name = Release;
		};
		6659D9B72BC871D40004FC61 /* Debug */ = {
			isa = XCBuildConfiguration;
			buildSettings = {
				ALWAYS_EMBED_SWIFT_STANDARD_LIBRARIES = YES;
				BUNDLE_LOADER = "$(TEST_HOST)";
				CODE_SIGN_STYLE = Automatic;
				CURRENT_PROJECT_VERSION = 1;
				DEVELOPMENT_TEAM = 29VU26RVDN;
				GENERATE_INFOPLIST_FILE = YES;
				IPHONEOS_DEPLOYMENT_TARGET = 17.4;
				MARKETING_VERSION = 1.0;
				PRODUCT_BUNDLE_IDENTIFIER = cis1951.RungerTests;
				PRODUCT_NAME = "$(TARGET_NAME)";
				SWIFT_EMIT_LOC_STRINGS = NO;
				SWIFT_VERSION = 5.0;
				TARGETED_DEVICE_FAMILY = "1,2";
				TEST_HOST = "$(BUILT_PRODUCTS_DIR)/Runger.app/$(BUNDLE_EXECUTABLE_FOLDER_PATH)/Runger";
			};
			name = Debug;
		};
		6659D9B82BC871D40004FC61 /* Release */ = {
			isa = XCBuildConfiguration;
			buildSettings = {
				ALWAYS_EMBED_SWIFT_STANDARD_LIBRARIES = YES;
				BUNDLE_LOADER = "$(TEST_HOST)";
				CODE_SIGN_STYLE = Automatic;
				CURRENT_PROJECT_VERSION = 1;
				DEVELOPMENT_TEAM = 29VU26RVDN;
				GENERATE_INFOPLIST_FILE = YES;
				IPHONEOS_DEPLOYMENT_TARGET = 17.4;
				MARKETING_VERSION = 1.0;
				PRODUCT_BUNDLE_IDENTIFIER = cis1951.RungerTests;
				PRODUCT_NAME = "$(TARGET_NAME)";
				SWIFT_EMIT_LOC_STRINGS = NO;
				SWIFT_VERSION = 5.0;
				TARGETED_DEVICE_FAMILY = "1,2";
				TEST_HOST = "$(BUILT_PRODUCTS_DIR)/Runger.app/$(BUNDLE_EXECUTABLE_FOLDER_PATH)/Runger";
			};
			name = Release;
		};
		6659D9BA2BC871D40004FC61 /* Debug */ = {
			isa = XCBuildConfiguration;
			buildSettings = {
				ALWAYS_EMBED_SWIFT_STANDARD_LIBRARIES = YES;
				CODE_SIGN_STYLE = Automatic;
				CURRENT_PROJECT_VERSION = 1;
				DEVELOPMENT_TEAM = 29VU26RVDN;
				GENERATE_INFOPLIST_FILE = YES;
				MARKETING_VERSION = 1.0;
				PRODUCT_BUNDLE_IDENTIFIER = cis1951.RungerUITests;
				PRODUCT_NAME = "$(TARGET_NAME)";
				SWIFT_EMIT_LOC_STRINGS = NO;
				SWIFT_VERSION = 5.0;
				TARGETED_DEVICE_FAMILY = "1,2";
				TEST_TARGET_NAME = Runger;
			};
			name = Debug;
		};
		6659D9BB2BC871D40004FC61 /* Release */ = {
			isa = XCBuildConfiguration;
			buildSettings = {
				ALWAYS_EMBED_SWIFT_STANDARD_LIBRARIES = YES;
				CODE_SIGN_STYLE = Automatic;
				CURRENT_PROJECT_VERSION = 1;
				DEVELOPMENT_TEAM = 29VU26RVDN;
				GENERATE_INFOPLIST_FILE = YES;
				MARKETING_VERSION = 1.0;
				PRODUCT_BUNDLE_IDENTIFIER = cis1951.RungerUITests;
				PRODUCT_NAME = "$(TARGET_NAME)";
				SWIFT_EMIT_LOC_STRINGS = NO;
				SWIFT_VERSION = 5.0;
				TARGETED_DEVICE_FAMILY = "1,2";
				TEST_TARGET_NAME = Runger;
			};
			name = Release;
		};
/* End XCBuildConfiguration section */

/* Begin XCConfigurationList section */
		6659D98A2BC871D20004FC61 /* Build configuration list for PBXProject "Runger" */ = {
			isa = XCConfigurationList;
			buildConfigurations = (
				6659D9B12BC871D40004FC61 /* Debug */,
				6659D9B22BC871D40004FC61 /* Release */,
			);
			defaultConfigurationIsVisible = 0;
			defaultConfigurationName = Release;
		};
		6659D9B32BC871D40004FC61 /* Build configuration list for PBXNativeTarget "Runger" */ = {
			isa = XCConfigurationList;
			buildConfigurations = (
				6659D9B42BC871D40004FC61 /* Debug */,
				6659D9B52BC871D40004FC61 /* Release */,
			);
			defaultConfigurationIsVisible = 0;
			defaultConfigurationName = Release;
		};
		6659D9B62BC871D40004FC61 /* Build configuration list for PBXNativeTarget "RungerTests" */ = {
			isa = XCConfigurationList;
			buildConfigurations = (
				6659D9B72BC871D40004FC61 /* Debug */,
				6659D9B82BC871D40004FC61 /* Release */,
			);
			defaultConfigurationIsVisible = 0;
			defaultConfigurationName = Release;
		};
		6659D9B92BC871D40004FC61 /* Build configuration list for PBXNativeTarget "RungerUITests" */ = {
			isa = XCConfigurationList;
			buildConfigurations = (
				6659D9BA2BC871D40004FC61 /* Debug */,
				6659D9BB2BC871D40004FC61 /* Release */,
			);
			defaultConfigurationIsVisible = 0;
			defaultConfigurationName = Release;
		};
/* End XCConfigurationList section */

/* Begin XCVersionGroup section */
		66DF60BA2BD0C19C003628B0 /* DataModel.xcdatamodeld */ = {
			isa = XCVersionGroup;
			children = (
				66DF60BB2BD0C19C003628B0 /* DataModel.xcdatamodel */,
			);
			currentVersion = 66DF60BB2BD0C19C003628B0 /* DataModel.xcdatamodel */;
			path = DataModel.xcdatamodeld;
			sourceTree = "<group>";
			versionGroupType = wrapper.xcdatamodel;
		};
/* End XCVersionGroup section */
	};
	rootObject = 6659D9872BC871D20004FC61 /* Project object */;
}
